{
  "name": "@thzero/library_client",
  "version": "0.15.12",
  "lockfileVersion": 2,
  "requires": true,
  "packages": {
    "": {
      "name": "@thzero/library_client",
      "version": "0.15.12",
      "license": "MIT",
      "dependencies": {
        "easy-rbac": "^3.2.0",
        "esm": "^3.2.25",
        "highlight.js": "^11.5.1",
        "marked": "^4.0.14",
        "mitt": "^3.0.0"
      },
      "peerDependencies": {
        "@mdi/font": "^6",
        "@thzero/library_common": "^0.15",
        "material-design-icons-iconfont": "^6"
      }
    },
    "node_modules/@mdi/font": {
      "version": "6.6.96",
      "resolved": "https://registry.npmjs.org/@mdi/font/-/font-6.6.96.tgz",
      "integrity": "sha512-FbcvG9z17hwZ7IwX5XeOR1UYGoLq+gTKq6XNPvJFuCpn599GdiPCJbAmmDBJb+jMYXjKYr0lCxfouWGxDA82sA==",
      "peer": true
    },
    "node_modules/@thzero/library_common": {
      "version": "0.15.13",
      "resolved": "https://registry.npmjs.org/@thzero/library_common/-/library_common-0.15.13.tgz",
      "integrity": "sha512-gT5z8wbA8C9lk4ouaV61Wf5ipDduPpSi3PI2M0TmrkBARgZvoKYXXPIvmYk+EC5i6JCSyHg2VpyyIfyLB+92Bg==",
      "peer": true,
      "dependencies": {
        "dayjs": "^1.11.1",
        "dayjs-plugin-utc": "^0.1.2",
        "lodash": "^4.17.21",
        "short-uuid": "^4.2.0",
        "uuid": "^8.3.2"
      }
    },
    "node_modules/any-base": {
      "version": "1.1.0",
      "resolved": "https://registry.npmjs.org/any-base/-/any-base-1.1.0.tgz",
      "integrity": "sha512-uMgjozySS8adZZYePpaWs8cxB9/kdzmpX6SgJZ+wbz1K5eYk5QMYDVJaZKhxyIHUdnnJkfR7SVgStgH7LkGUyg==",
      "peer": true
    },
    "node_modules/dayjs": {
      "version": "1.11.1",
      "resolved": "https://registry.npmjs.org/dayjs/-/dayjs-1.11.1.tgz",
      "integrity": "sha512-ER7EjqVAMkRRsxNCC5YqJ9d9VQYuWdGt7aiH2qA5R5wt8ZmWaP2dLUSIK6y/kVzLMlmh1Tvu5xUf4M/wdGJ5KA==",
      "peer": true
    },
    "node_modules/dayjs-plugin-utc": {
      "version": "0.1.2",
      "resolved": "https://registry.npmjs.org/dayjs-plugin-utc/-/dayjs-plugin-utc-0.1.2.tgz",
      "integrity": "sha512-ExERH5o3oo6jFOdkvMP3gytTCQ9Ksi5PtylclJWghr7k7m3o2U5QrwtdiJkOxLOH4ghr0EKhpqGefzGz1VvVJg==",
      "peer": true
    },
    "node_modules/debug": {
      "version": "4.3.4",
      "resolved": "https://registry.npmjs.org/debug/-/debug-4.3.4.tgz",
      "integrity": "sha512-PRWFHuSU3eDtQJPvnNY7Jcket1j0t5OuOsFzPPzsekD52Zl8qUfFIPEiswXqIvHWGVHOgX+7G/vCNNhehwxfkQ==",
      "dependencies": {
        "ms": "2.1.2"
      },
      "engines": {
        "node": ">=6.0"
      },
      "peerDependenciesMeta": {
        "supports-color": {
          "optional": true
        }
      }
    },
    "node_modules/easy-rbac": {
      "version": "3.2.0",
      "resolved": "https://registry.npmjs.org/easy-rbac/-/easy-rbac-3.2.0.tgz",
      "integrity": "sha512-cRBiDCWPg0QwTwR98lDFkar0ZpDXk7MWGxhqvnkXcPDPu0jtq82uRroxErgr3O78hgqWZ6BGcqYJRyyHD5Hl+A==",
      "dependencies": {
        "debug": "^4.3.3"
      },
      "engines": {
        "node": ">=10.0"
      }
    },
    "node_modules/esm": {
      "version": "3.2.25",
      "resolved": "https://registry.npmjs.org/esm/-/esm-3.2.25.tgz",
      "integrity": "sha512-U1suiZ2oDVWv4zPO56S0NcR5QriEahGtdN2OR6FiOG4WJvcjBVFB0qI4+eKoWFH483PKGuLuu6V8Z4T5g63UVA==",
      "engines": {
        "node": ">=6"
      }
    },
    "node_modules/highlight.js": {
      "version": "11.5.1",
      "resolved": "https://registry.npmjs.org/highlight.js/-/highlight.js-11.5.1.tgz",
      "integrity": "sha512-LKzHqnxr4CrD2YsNoIf/o5nJ09j4yi/GcH5BnYz9UnVpZdS4ucMgvP61TDty5xJcFGRjnH4DpujkS9bHT3hq0Q==",
      "engines": {
        "node": ">=12.0.0"
      }
    },
    "node_modules/lodash": {
      "version": "4.17.21",
      "resolved": "https://registry.npmjs.org/lodash/-/lodash-4.17.21.tgz",
      "integrity": "sha512-v2kDEe57lecTulaDIuNTPy3Ry4gLGJ6Z1O3vE1krgXZNrsQ+LFTGHVxVjcXPs17LhbZVGedAJv8XZ1tvj5FvSg==",
      "peer": true
    },
    "node_modules/marked": {
      "version": "4.0.14",
      "resolved": "https://registry.npmjs.org/marked/-/marked-4.0.14.tgz",
      "integrity": "sha512-HL5sSPE/LP6U9qKgngIIPTthuxC0jrfxpYMZ3LdGDD3vTnLs59m2Z7r6+LNDR3ToqEQdkKd6YaaEfJhodJmijQ==",
      "bin": {
        "marked": "bin/marked.js"
      },
      "engines": {
        "node": ">= 12"
      }
    },
    "node_modules/material-design-icons-iconfont": {
      "version": "6.7.0",
      "resolved": "https://registry.npmjs.org/material-design-icons-iconfont/-/material-design-icons-iconfont-6.7.0.tgz",
      "integrity": "sha512-lSj71DgVv20kO0kGbs42icDzbRot61gEDBLQACzkUuznRQBUYmbxzEkGU6dNBb5fRWHMaScYlAXX96HQ4/cJWA==",
      "peer": true
    },
    "node_modules/mitt": {
      "version": "3.0.0",
      "resolved": "https://registry.npmjs.org/mitt/-/mitt-3.0.0.tgz",
      "integrity": "sha512-7dX2/10ITVyqh4aOSVI9gdape+t9l2/8QxHrFmUXu4EEUpdlxl6RudZUPZoc+zuY2hk1j7XxVroIVIan/pD/SQ=="
    },
    "node_modules/ms": {
      "version": "2.1.2",
      "resolved": "https://registry.npmjs.org/ms/-/ms-2.1.2.tgz",
      "integrity": "sha512-sGkPx+VjMtmA6MX27oA4FBFELFCZZ4S4XqeGOXCv68tT+jb3vk/RyaKWP0PTKyWtmLSM0b+adUTEvbs1PEaH2w=="
    },
    "node_modules/short-uuid": {
      "version": "4.2.0",
      "resolved": "https://registry.npmjs.org/short-uuid/-/short-uuid-4.2.0.tgz",
      "integrity": "sha512-r3cxuPPZSuF0QkKsK9bBR7u+7cwuCRzWzgjPh07F5N2iIUNgblnMHepBY16xgj5t1lG9iOP9k/TEafY1qhRzaw==",
      "peer": true,
      "dependencies": {
        "any-base": "^1.1.0",
        "uuid": "^8.3.2"
      },
      "engines": {
        "node": ">=8"
      }
    },
    "node_modules/uuid": {
      "version": "8.3.2",
      "resolved": "https://registry.npmjs.org/uuid/-/uuid-8.3.2.tgz",
      "integrity": "sha512-+NYs2QeMWy+GWFOEm9xnn6HCDp0l7QBD7ml8zLUmJ+93Q5NF0NocErnwkTkXVFNiX3/fpC6afS8Dhb/gz7R7eg==",
      "peer": true,
      "bin": {
        "uuid": "dist/bin/uuid"
      }
    }
  },
  "dependencies": {
    "@mdi/font": {
      "version": "6.6.96",
      "resolved": "https://registry.npmjs.org/@mdi/font/-/font-6.6.96.tgz",
      "integrity": "sha512-FbcvG9z17hwZ7IwX5XeOR1UYGoLq+gTKq6XNPvJFuCpn599GdiPCJbAmmDBJb+jMYXjKYr0lCxfouWGxDA82sA==",
      "peer": true
    },
    "@thzero/library_common": {
      "version": "0.15.13",
      "resolved": "https://registry.npmjs.org/@thzero/library_common/-/library_common-0.15.13.tgz",
      "integrity": "sha512-gT5z8wbA8C9lk4ouaV61Wf5ipDduPpSi3PI2M0TmrkBARgZvoKYXXPIvmYk+EC5i6JCSyHg2VpyyIfyLB+92Bg==",
      "peer": true,
      "requires": {
        "dayjs": "^1.11.1",
        "dayjs-plugin-utc": "^0.1.2",
        "lodash": "^4.17.21",
        "short-uuid": "^4.2.0",
        "uuid": "^8.3.2"
      }
    },
    "any-base": {
      "version": "1.1.0",
      "resolved": "https://registry.npmjs.org/any-base/-/any-base-1.1.0.tgz",
      "integrity": "sha512-uMgjozySS8adZZYePpaWs8cxB9/kdzmpX6SgJZ+wbz1K5eYk5QMYDVJaZKhxyIHUdnnJkfR7SVgStgH7LkGUyg==",
      "peer": true
    },
    "dayjs": {
      "version": "1.11.1",
      "resolved": "https://registry.npmjs.org/dayjs/-/dayjs-1.11.1.tgz",
      "integrity": "sha512-ER7EjqVAMkRRsxNCC5YqJ9d9VQYuWdGt7aiH2qA5R5wt8ZmWaP2dLUSIK6y/kVzLMlmh1Tvu5xUf4M/wdGJ5KA==",
      "peer": true
    },
    "dayjs-plugin-utc": {
      "version": "0.1.2",
      "resolved": "https://registry.npmjs.org/dayjs-plugin-utc/-/dayjs-plugin-utc-0.1.2.tgz",
      "integrity": "sha512-ExERH5o3oo6jFOdkvMP3gytTCQ9Ksi5PtylclJWghr7k7m3o2U5QrwtdiJkOxLOH4ghr0EKhpqGefzGz1VvVJg==",
      "peer": true
    },
    "debug": {
      "version": "4.3.4",
      "resolved": "https://registry.npmjs.org/debug/-/debug-4.3.4.tgz",
      "integrity": "sha512-PRWFHuSU3eDtQJPvnNY7Jcket1j0t5OuOsFzPPzsekD52Zl8qUfFIPEiswXqIvHWGVHOgX+7G/vCNNhehwxfkQ==",
      "requires": {
        "ms": "2.1.2"
      }
    },
    "easy-rbac": {
      "version": "3.2.0",
      "resolved": "https://registry.npmjs.org/easy-rbac/-/easy-rbac-3.2.0.tgz",
      "integrity": "sha512-cRBiDCWPg0QwTwR98lDFkar0ZpDXk7MWGxhqvnkXcPDPu0jtq82uRroxErgr3O78hgqWZ6BGcqYJRyyHD5Hl+A==",
      "requires": {
        "debug": "^4.3.3"
      }
    },
    "esm": {
      "version": "3.2.25",
      "resolved": "https://registry.npmjs.org/esm/-/esm-3.2.25.tgz",
      "integrity": "sha512-U1suiZ2oDVWv4zPO56S0NcR5QriEahGtdN2OR6FiOG4WJvcjBVFB0qI4+eKoWFH483PKGuLuu6V8Z4T5g63UVA=="
    },
    "highlight.js": {
      "version": "11.5.1",
      "resolved": "https://registry.npmjs.org/highlight.js/-/highlight.js-11.5.1.tgz",
      "integrity": "sha512-LKzHqnxr4CrD2YsNoIf/o5nJ09j4yi/GcH5BnYz9UnVpZdS4ucMgvP61TDty5xJcFGRjnH4DpujkS9bHT3hq0Q=="
    },
    "lodash": {
      "version": "4.17.21",
      "resolved": "https://registry.npmjs.org/lodash/-/lodash-4.17.21.tgz",
      "integrity": "sha512-v2kDEe57lecTulaDIuNTPy3Ry4gLGJ6Z1O3vE1krgXZNrsQ+LFTGHVxVjcXPs17LhbZVGedAJv8XZ1tvj5FvSg==",
      "peer": true
    },
    "marked": {
      "version": "4.0.14",
      "resolved": "https://registry.npmjs.org/marked/-/marked-4.0.14.tgz",
      "integrity": "sha512-HL5sSPE/LP6U9qKgngIIPTthuxC0jrfxpYMZ3LdGDD3vTnLs59m2Z7r6+LNDR3ToqEQdkKd6YaaEfJhodJmijQ=="
    },
    "material-design-icons-iconfont": {
      "version": "6.7.0",
      "resolved": "https://registry.npmjs.org/material-design-icons-iconfont/-/material-design-icons-iconfont-6.7.0.tgz",
      "integrity": "sha512-lSj71DgVv20kO0kGbs42icDzbRot61gEDBLQACzkUuznRQBUYmbxzEkGU6dNBb5fRWHMaScYlAXX96HQ4/cJWA==",
      "peer": true
    },
    "mitt": {
      "version": "3.0.0",
      "resolved": "https://registry.npmjs.org/mitt/-/mitt-3.0.0.tgz",
      "integrity": "sha512-7dX2/10ITVyqh4aOSVI9gdape+t9l2/8QxHrFmUXu4EEUpdlxl6RudZUPZoc+zuY2hk1j7XxVroIVIan/pD/SQ=="
    },
    "ms": {
      "version": "2.1.2",
      "resolved": "https://registry.npmjs.org/ms/-/ms-2.1.2.tgz",
      "integrity": "sha512-sGkPx+VjMtmA6MX27oA4FBFELFCZZ4S4XqeGOXCv68tT+jb3vk/RyaKWP0PTKyWtmLSM0b+adUTEvbs1PEaH2w=="
    },
    "short-uuid": {
      "version": "4.2.0",
      "resolved": "https://registry.npmjs.org/short-uuid/-/short-uuid-4.2.0.tgz",
      "integrity": "sha512-r3cxuPPZSuF0QkKsK9bBR7u+7cwuCRzWzgjPh07F5N2iIUNgblnMHepBY16xgj5t1lG9iOP9k/TEafY1qhRzaw==",
      "peer": true,
      "requires": {
        "any-base": "^1.1.0",
        "uuid": "^8.3.2"
      }
    },
    "uuid": {
      "version": "8.3.2",
      "resolved": "https://registry.npmjs.org/uuid/-/uuid-8.3.2.tgz",
      "integrity": "sha512-+NYs2QeMWy+GWFOEm9xnn6HCDp0l7QBD7ml8zLUmJ+93Q5NF0NocErnwkTkXVFNiX3/fpC6afS8Dhb/gz7R7eg==",
      "peer": true
    }
  }
}
